
Microsoft Visual Studio Solution File, Format Version 12.00
# Visual Studio 15
VisualStudioVersion = 15.0.28307.421
MinimumVisualStudioVersion = 10.0.40219.1
Project("{FAE04EC0-301F-11D3-BF4B-00C04F79EFBC}") = "IncidenciasGarum", "IncidenciasGarum\IncidenciasGarum.csproj", "{66333937-D3A5-4A44-8E01-BFF5B068C339}"
EndProject
Project("{FAE04EC0-301F-11D3-BF4B-00C04F79EFBC}") = "RevisionFicherosGarumForm", "RevisionFicherosGarumForm\RevisionFicherosGarumForm.csproj", "{654027D5-7EE6-4FED-BFB5-C6CE030AA729}"
EndProject
Project("{54435603-DBB4-11D2-8724-00A0C9A8B90C}") = "Setup1", "Setup1\Setup1.vdproj", "{CF02D66B-B071-4B42-A84D-F951A98044F3}"
EndProject
Project("{FAE04EC0-301F-11D3-BF4B-00C04F79EFBC}") = "ControlIncidenciasGarumForm", "ControlIncidenciasGarumForm\ControlIncidenciasGarumForm.csproj", "{1CA6B074-4B6D-4A6A-B572-C63B31850666}"
EndProject
Global
	GlobalSection(SolutionConfigurationPlatforms) = preSolution
		Debug|Any CPU = Debug|Any CPU
		Release|Any CPU = Release|Any CPU
	EndGlobalSection
	GlobalSection(ProjectConfigurationPlatforms) = postSolution
		{66333937-D3A5-4A44-8E01-BFF5B068C339}.Debug|Any CPU.ActiveCfg = Debug|Any CPU
		{66333937-D3A5-4A44-8E01-BFF5B068C339}.Debug|Any CPU.Build.0 = Debug|Any CPU
		{66333937-D3A5-4A44-8E01-BFF5B068C339}.Release|Any CPU.ActiveCfg = Release|Any CPU
		{66333937-D3A5-4A44-8E01-BFF5B068C339}.Release|Any CPU.Build.0 = Release|Any CPU
		{654027D5-7EE6-4FED-BFB5-C6CE030AA729}.Debug|Any CPU.ActiveCfg = Debug|Any CPU
		{654027D5-7EE6-4FED-BFB5-C6CE030AA729}.Debug|Any CPU.Build.0 = Debug|Any CPU
		{654027D5-7EE6-4FED-BFB5-C6CE030AA729}.Release|Any CPU.ActiveCfg = Release|Any CPU
		{654027D5-7EE6-4FED-BFB5-C6CE030AA729}.Release|Any CPU.Build.0 = Release|Any CPU
		{CF02D66B-B071-4B42-A84D-F951A98044F3}.Debug|Any CPU.ActiveCfg = Debug
		{CF02D66B-B071-4B42-A84D-F951A98044F3}.Release|Any CPU.ActiveCfg = Release
		{1CA6B074-4B6D-4A6A-B572-C63B31850666}.Debug|Any CPU.ActiveCfg = Debug|Any CPU
		{1CA6B074-4B6D-4A6A-B572-C63B31850666}.Debug|Any CPU.Build.0 = Debug|Any CPU
		{1CA6B074-4B6D-4A6A-B572-C63B31850666}.Release|Any CPU.ActiveCfg = Release|Any CPU
		{1CA6B074-4B6D-4A6A-B572-C63B31850666}.Release|Any CPU.Build.0 = Release|Any CPU
	EndGlobalSection
	GlobalSection(SolutionProperties) = preSolution
		HideSolutionNode = FALSE
	EndGlobalSection
	GlobalSection(ExtensibilityGlobals) = postSolution
		SolutionGuid = {6D8660AB-25C3-4D19-93E5-EC1D07CE6101}
	EndGlobalSection
EndGlobal
