
Microsoft Visual Studio Solution File, Format Version 12.00
# Visual Studio 15
VisualStudioVersion = 15.0.28307.421
MinimumVisualStudioVersion = 10.0.40219.1
Project("{FAE04EC0-301F-11D3-BF4B-00C04F79EFBC}") = "RevisionFicherosGarumForm", "RevisionFicherosGarumForm\RevisionFicherosGarumForm.csproj", "{654027D5-7EE6-4FED-BFB5-C6CE030AA729}"
EndProject
Project("{FAE04EC0-301F-11D3-BF4B-00C04F79EFBC}") = "ServiciosWeb.WebAPI", "ServiciosWeb.WebAPI\ServiciosWeb.WebAPI.csproj", "{5097279B-AA48-4547-BBB0-D5670D2C650F}"
EndProject
Project("{FAE04EC0-301F-11D3-BF4B-00C04F79EFBC}") = "ServicioWeb.ClienteConsola", "ServicioWeb.ClienteConsola\ServicioWeb.ClienteConsola.csproj", "{CC036E13-2C5D-47F6-BBF0-EA5FA2F230E0}"
EndProject
Project("{FAE04EC0-301F-11D3-BF4B-00C04F79EFBC}") = "ServicioWeb.Domain", "ServicioWeb.Domain\ServicioWeb.Domain.csproj", "{2A3DD379-6206-48B7-954B-F1C85E3BD977}"
EndProject
Project("{FAE04EC0-301F-11D3-BF4B-00C04F79EFBC}") = "ServicioWeb.Datos", "ServicioWeb.Datos\ServicioWeb.Datos.csproj", "{F6266401-318F-4BA8-8D29-526F4EE98E08}"
EndProject
Global
	GlobalSection(SolutionConfigurationPlatforms) = preSolution
		Debug|Any CPU = Debug|Any CPU
		Release|Any CPU = Release|Any CPU
	EndGlobalSection
	GlobalSection(ProjectConfigurationPlatforms) = postSolution
		{654027D5-7EE6-4FED-BFB5-C6CE030AA729}.Debug|Any CPU.ActiveCfg = Debug|Any CPU
		{654027D5-7EE6-4FED-BFB5-C6CE030AA729}.Debug|Any CPU.Build.0 = Debug|Any CPU
		{654027D5-7EE6-4FED-BFB5-C6CE030AA729}.Release|Any CPU.ActiveCfg = Release|Any CPU
		{654027D5-7EE6-4FED-BFB5-C6CE030AA729}.Release|Any CPU.Build.0 = Release|Any CPU
		{5097279B-AA48-4547-BBB0-D5670D2C650F}.Debug|Any CPU.ActiveCfg = Debug|Any CPU
		{5097279B-AA48-4547-BBB0-D5670D2C650F}.Debug|Any CPU.Build.0 = Debug|Any CPU
		{5097279B-AA48-4547-BBB0-D5670D2C650F}.Release|Any CPU.ActiveCfg = Release|Any CPU
		{5097279B-AA48-4547-BBB0-D5670D2C650F}.Release|Any CPU.Build.0 = Release|Any CPU
		{CC036E13-2C5D-47F6-BBF0-EA5FA2F230E0}.Debug|Any CPU.ActiveCfg = Debug|Any CPU
		{CC036E13-2C5D-47F6-BBF0-EA5FA2F230E0}.Debug|Any CPU.Build.0 = Debug|Any CPU
		{CC036E13-2C5D-47F6-BBF0-EA5FA2F230E0}.Release|Any CPU.ActiveCfg = Release|Any CPU
		{CC036E13-2C5D-47F6-BBF0-EA5FA2F230E0}.Release|Any CPU.Build.0 = Release|Any CPU
		{2A3DD379-6206-48B7-954B-F1C85E3BD977}.Debug|Any CPU.ActiveCfg = Debug|Any CPU
		{2A3DD379-6206-48B7-954B-F1C85E3BD977}.Debug|Any CPU.Build.0 = Debug|Any CPU
		{2A3DD379-6206-48B7-954B-F1C85E3BD977}.Release|Any CPU.ActiveCfg = Release|Any CPU
		{2A3DD379-6206-48B7-954B-F1C85E3BD977}.Release|Any CPU.Build.0 = Release|Any CPU
		{F6266401-318F-4BA8-8D29-526F4EE98E08}.Debug|Any CPU.ActiveCfg = Debug|Any CPU
		{F6266401-318F-4BA8-8D29-526F4EE98E08}.Debug|Any CPU.Build.0 = Debug|Any CPU
		{F6266401-318F-4BA8-8D29-526F4EE98E08}.Release|Any CPU.ActiveCfg = Release|Any CPU
		{F6266401-318F-4BA8-8D29-526F4EE98E08}.Release|Any CPU.Build.0 = Release|Any CPU
	EndGlobalSection
	GlobalSection(SolutionProperties) = preSolution
		HideSolutionNode = FALSE
	EndGlobalSection
	GlobalSection(ExtensibilityGlobals) = postSolution
		SolutionGuid = {6D8660AB-25C3-4D19-93E5-EC1D07CE6101}
	EndGlobalSection
EndGlobal
